// !$*UTF8*$!
{
	archiveVersion = 1;
	classes = {
	};
	objectVersion = 50;
	objects = {

/* Begin PBXBuildFile section */
		532BAA1F2451E1420028A918 /* Treeniohjelma+CoreDataClass.swift in Sources */ = {isa = PBXBuildFile; fileRef = 532BAA172451E1420028A918 /* Treeniohjelma+CoreDataClass.swift */; };
		532BAA202451E1420028A918 /* Treeniohjelma+CoreDataProperties.swift in Sources */ = {isa = PBXBuildFile; fileRef = 532BAA182451E1420028A918 /* Treeniohjelma+CoreDataProperties.swift */; };
		532BAA232451E1420028A918 /* Treeni+CoreDataClass.swift in Sources */ = {isa = PBXBuildFile; fileRef = 532BAA1B2451E1420028A918 /* Treeni+CoreDataClass.swift */; };
		532BAA242451E1420028A918 /* Treeni+CoreDataProperties.swift in Sources */ = {isa = PBXBuildFile; fileRef = 532BAA1C2451E1420028A918 /* Treeni+CoreDataProperties.swift */; };
		534384E52448E6F800350EA4 /* TreeninTarkasteluController.swift in Sources */ = {isa = PBXBuildFile; fileRef = 534384E42448E6F800350EA4 /* TreeninTarkasteluController.swift */; };
		53507241245A0C890071EC36 /* Sarja+CoreDataClass.swift in Sources */ = {isa = PBXBuildFile; fileRef = 5350723F245A0C890071EC36 /* Sarja+CoreDataClass.swift */; };
		53507242245A0C890071EC36 /* Sarja+CoreDataProperties.swift in Sources */ = {isa = PBXBuildFile; fileRef = 53507240245A0C890071EC36 /* Sarja+CoreDataProperties.swift */; };
		53BFFBE9241EF46000F169DD /* AppDelegate.swift in Sources */ = {isa = PBXBuildFile; fileRef = 53BFFBE8241EF46000F169DD /* AppDelegate.swift */; };
		53BFFBEB241EF46000F169DD /* SceneDelegate.swift in Sources */ = {isa = PBXBuildFile; fileRef = 53BFFBEA241EF46000F169DD /* SceneDelegate.swift */; };
		53BFFBED241EF46000F169DD /* ViewController.swift in Sources */ = {isa = PBXBuildFile; fileRef = 53BFFBEC241EF46000F169DD /* ViewController.swift */; };
		53BFFBF2241EF46200F169DD /* Assets.xcassets in Resources */ = {isa = PBXBuildFile; fileRef = 53BFFBF1241EF46200F169DD /* Assets.xcassets */; };
		53BFFBF5241EF46200F169DD /* LaunchScreen.storyboard in Resources */ = {isa = PBXBuildFile; fileRef = 53BFFBF3241EF46200F169DD /* LaunchScreen.storyboard */; };
		53CBD3DB2428EC15003E876D /* UusiOhjelmaController.swift in Sources */ = {isa = PBXBuildFile; fileRef = 53CBD3DA2428EC15003E876D /* UusiOhjelmaController.swift */; };
		53CBD3DD242913B6003E876D /* InfoController.swift in Sources */ = {isa = PBXBuildFile; fileRef = 53CBD3DC242913B6003E876D /* InfoController.swift */; };
		53CBD3DF242996DC003E876D /* UusiLiikeController.swift in Sources */ = {isa = PBXBuildFile; fileRef = 53CBD3DE242996DC003E876D /* UusiLiikeController.swift */; };
		53CBD3E5242A4114003E876D /* gymnotes.xcdatamodeld in Sources */ = {isa = PBXBuildFile; fileRef = 53CBD3E3242A4114003E876D /* gymnotes.xcdatamodeld */; };
		53D2FCAD24588D6F0037C30C /* Liike+CoreDataClass.swift in Sources */ = {isa = PBXBuildFile; fileRef = 53D2FCAB24588D6F0037C30C /* Liike+CoreDataClass.swift */; };
		53D2FCAE24588D6F0037C30C /* Liike+CoreDataProperties.swift in Sources */ = {isa = PBXBuildFile; fileRef = 53D2FCAC24588D6F0037C30C /* Liike+CoreDataProperties.swift */; };
		53DE8B612444ED54000BB49F /* TreeniohjelmanTreenitController.swift in Sources */ = {isa = PBXBuildFile; fileRef = 53DE8B602444ED54000BB49F /* TreeniohjelmanTreenitController.swift */; };
/* End PBXBuildFile section */

/* Begin PBXFileReference section */
		532BAA172451E1420028A918 /* Treeniohjelma+CoreDataClass.swift */ = {isa = PBXFileReference; lastKnownFileType = sourcecode.swift; path = "Treeniohjelma+CoreDataClass.swift"; sourceTree = "<group>"; };
		532BAA182451E1420028A918 /* Treeniohjelma+CoreDataProperties.swift */ = {isa = PBXFileReference; lastKnownFileType = sourcecode.swift; path = "Treeniohjelma+CoreDataProperties.swift"; sourceTree = "<group>"; };
		532BAA1B2451E1420028A918 /* Treeni+CoreDataClass.swift */ = {isa = PBXFileReference; lastKnownFileType = sourcecode.swift; path = "Treeni+CoreDataClass.swift"; sourceTree = "<group>"; };
		532BAA1C2451E1420028A918 /* Treeni+CoreDataProperties.swift */ = {isa = PBXFileReference; lastKnownFileType = sourcecode.swift; path = "Treeni+CoreDataProperties.swift"; sourceTree = "<group>"; };
		534384E42448E6F800350EA4 /* TreeninTarkasteluController.swift */ = {isa = PBXFileReference; lastKnownFileType = sourcecode.swift; path = TreeninTarkasteluController.swift; sourceTree = "<group>"; };
		5350723F245A0C890071EC36 /* Sarja+CoreDataClass.swift */ = {isa = PBXFileReference; lastKnownFileType = sourcecode.swift; path = "Sarja+CoreDataClass.swift"; sourceTree = "<group>"; };
		53507240245A0C890071EC36 /* Sarja+CoreDataProperties.swift */ = {isa = PBXFileReference; lastKnownFileType = sourcecode.swift; path = "Sarja+CoreDataProperties.swift"; sourceTree = "<group>"; };
		53BFFBE5241EF46000F169DD /* gymnotes.app */ = {isa = PBXFileReference; explicitFileType = wrapper.application; includeInIndex = 0; path = gymnotes.app; sourceTree = BUILT_PRODUCTS_DIR; };
		53BFFBE8241EF46000F169DD /* AppDelegate.swift */ = {isa = PBXFileReference; lastKnownFileType = sourcecode.swift; path = AppDelegate.swift; sourceTree = "<group>"; };
		53BFFBEA241EF46000F169DD /* SceneDelegate.swift */ = {isa = PBXFileReference; lastKnownFileType = sourcecode.swift; path = SceneDelegate.swift; sourceTree = "<group>"; };
		53BFFBEC241EF46000F169DD /* ViewController.swift */ = {isa = PBXFileReference; lastKnownFileType = sourcecode.swift; path = ViewController.swift; sourceTree = "<group>"; };
		53BFFBF1241EF46200F169DD /* Assets.xcassets */ = {isa = PBXFileReference; lastKnownFileType = folder.assetcatalog; path = Assets.xcassets; sourceTree = "<group>"; };
		53BFFBF4241EF46200F169DD /* Base */ = {isa = PBXFileReference; lastKnownFileType = file.storyboard; name = Base; path = Base.lproj/LaunchScreen.storyboard; sourceTree = "<group>"; };
		53BFFBF6241EF46200F169DD /* Info.plist */ = {isa = PBXFileReference; lastKnownFileType = text.plist.xml; path = Info.plist; sourceTree = "<group>"; };
		53CBD3DA2428EC15003E876D /* UusiOhjelmaController.swift */ = {isa = PBXFileReference; lastKnownFileType = sourcecode.swift; path = UusiOhjelmaController.swift; sourceTree = "<group>"; };
		53CBD3DC242913B6003E876D /* InfoController.swift */ = {isa = PBXFileReference; lastKnownFileType = sourcecode.swift; path = InfoController.swift; sourceTree = "<group>"; };
		53CBD3DE242996DC003E876D /* UusiLiikeController.swift */ = {isa = PBXFileReference; lastKnownFileType = sourcecode.swift; path = UusiLiikeController.swift; sourceTree = "<group>"; };
		53CBD3E4242A4114003E876D /* gymnotes.xcdatamodel */ = {isa = PBXFileReference; lastKnownFileType = wrapper.xcdatamodel; path = gymnotes.xcdatamodel; sourceTree = "<group>"; };
		53D2FCAB24588D6F0037C30C /* Liike+CoreDataClass.swift */ = {isa = PBXFileReference; lastKnownFileType = sourcecode.swift; path = "Liike+CoreDataClass.swift"; sourceTree = "<group>"; };
		53D2FCAC24588D6F0037C30C /* Liike+CoreDataProperties.swift */ = {isa = PBXFileReference; lastKnownFileType = sourcecode.swift; path = "Liike+CoreDataProperties.swift"; sourceTree = "<group>"; };
		53DE8B602444ED54000BB49F /* TreeniohjelmanTreenitController.swift */ = {isa = PBXFileReference; lastKnownFileType = sourcecode.swift; path = TreeniohjelmanTreenitController.swift; sourceTree = "<group>"; };
/* End PBXFileReference section */

/* Begin PBXFrameworksBuildPhase section */
		53BFFBE2241EF46000F169DD /* Frameworks */ = {
			isa = PBXFrameworksBuildPhase;
			buildActionMask = 2147483647;
			files = (
			);
			runOnlyForDeploymentPostprocessing = 0;
		};
/* End PBXFrameworksBuildPhase section */

/* Begin PBXGroup section */
		53BFFBDC241EF46000F169DD = {
			isa = PBXGroup;
			children = (
				5350723F245A0C890071EC36 /* Sarja+CoreDataClass.swift */,
				53507240245A0C890071EC36 /* Sarja+CoreDataProperties.swift */,
				53D2FCAB24588D6F0037C30C /* Liike+CoreDataClass.swift */,
				53D2FCAC24588D6F0037C30C /* Liike+CoreDataProperties.swift */,
				532BAA172451E1420028A918 /* Treeniohjelma+CoreDataClass.swift */,
				532BAA182451E1420028A918 /* Treeniohjelma+CoreDataProperties.swift */,
				532BAA1B2451E1420028A918 /* Treeni+CoreDataClass.swift */,
				532BAA1C2451E1420028A918 /* Treeni+CoreDataProperties.swift */,
				53CBD3E3242A4114003E876D /* gymnotes.xcdatamodeld */,
				53BFFBE7241EF46000F169DD /* gymnotes */,
				53BFFBE6241EF46000F169DD /* Products */,
			);
			sourceTree = "<group>";
		};
		53BFFBE6241EF46000F169DD /* Products */ = {
			isa = PBXGroup;
			children = (
				53BFFBE5241EF46000F169DD /* gymnotes.app */,
			);
			name = Products;
			sourceTree = "<group>";
		};
		53BFFBE7241EF46000F169DD /* gymnotes */ = {
			isa = PBXGroup;
			children = (
				53BFFBF6241EF46200F169DD /* Info.plist */,
				53DE8B6324453B0C000BB49F /* Muut */,
				53DE8B6224453AF7000BB49F /* View Controllers */,
			);
			path = gymnotes;
			sourceTree = "<group>";
		};
		53DE8B6224453AF7000BB49F /* View Controllers */ = {
			isa = PBXGroup;
			children = (
				53CBD3DE242996DC003E876D /* UusiLiikeController.swift */,
				53BFFBEC241EF46000F169DD /* ViewController.swift */,
				53DE8B602444ED54000BB49F /* TreeniohjelmanTreenitController.swift */,
				534384E42448E6F800350EA4 /* TreeninTarkasteluController.swift */,
				53CBD3DA2428EC15003E876D /* UusiOhjelmaController.swift */,
				53CBD3DC242913B6003E876D /* InfoController.swift */,
			);
			path = "View Controllers";
			sourceTree = "<group>";
		};
		53DE8B6324453B0C000BB49F /* Muut */ = {
			isa = PBXGroup;
			children = (
				53BFFBE8241EF46000F169DD /* AppDelegate.swift */,
				53BFFBF1241EF46200F169DD /* Assets.xcassets */,
				53BFFBEA241EF46000F169DD /* SceneDelegate.swift */,
				53BFFBF3241EF46200F169DD /* LaunchScreen.storyboard */,
			);
			path = Muut;
			sourceTree = "<group>";
		};
/* End PBXGroup section */

/* Begin PBXNativeTarget section */
		53BFFBE4241EF46000F169DD /* gymnotes */ = {
			isa = PBXNativeTarget;
			buildConfigurationList = 53BFFBF9241EF46200F169DD /* Build configuration list for PBXNativeTarget "gymnotes" */;
			buildPhases = (
				53BFFBE1241EF46000F169DD /* Sources */,
				53BFFBE2241EF46000F169DD /* Frameworks */,
				53BFFBE3241EF46000F169DD /* Resources */,
			);
			buildRules = (
			);
			dependencies = (
			);
			name = gymnotes;
			productName = gymnotes;
			productReference = 53BFFBE5241EF46000F169DD /* gymnotes.app */;
			productType = "com.apple.product-type.application";
		};
/* End PBXNativeTarget section */

/* Begin PBXProject section */
		53BFFBDD241EF46000F169DD /* Project object */ = {
			isa = PBXProject;
			attributes = {
				LastSwiftUpdateCheck = 1120;
				LastUpgradeCheck = 1120;
				ORGANIZATIONNAME = teemu;
				TargetAttributes = {
					53BFFBE4241EF46000F169DD = {
						CreatedOnToolsVersion = 11.2.1;
					};
				};
			};
			buildConfigurationList = 53BFFBE0241EF46000F169DD /* Build configuration list for PBXProject "gymnotes" */;
			compatibilityVersion = "Xcode 9.3";
			developmentRegion = en;
			hasScannedForEncodings = 0;
			knownRegions = (
				en,
				Base,
			);
			mainGroup = 53BFFBDC241EF46000F169DD;
			productRefGroup = 53BFFBE6241EF46000F169DD /* Products */;
			projectDirPath = "";
			projectRoot = "";
			targets = (
				53BFFBE4241EF46000F169DD /* gymnotes */,
			);
		};
/* End PBXProject section */

/* Begin PBXResourcesBuildPhase section */
		53BFFBE3241EF46000F169DD /* Resources */ = {
			isa = PBXResourcesBuildPhase;
			buildActionMask = 2147483647;
			files = (
				53BFFBF5241EF46200F169DD /* LaunchScreen.storyboard in Resources */,
				53BFFBF2241EF46200F169DD /* Assets.xcassets in Resources */,
			);
			runOnlyForDeploymentPostprocessing = 0;
		};
/* End PBXResourcesBuildPhase section */

/* Begin PBXSourcesBuildPhase section */
		53BFFBE1241EF46000F169DD /* Sources */ = {
			isa = PBXSourcesBuildPhase;
			buildActionMask = 2147483647;
			files = (
				532BAA232451E1420028A918 /* Treeni+CoreDataClass.swift in Sources */,
				53507242245A0C890071EC36 /* Sarja+CoreDataProperties.swift in Sources */,
				53BFFBED241EF46000F169DD /* ViewController.swift in Sources */,
				532BAA1F2451E1420028A918 /* Treeniohjelma+CoreDataClass.swift in Sources */,
				53CBD3DB2428EC15003E876D /* UusiOhjelmaController.swift in Sources */,
				53D2FCAE24588D6F0037C30C /* Liike+CoreDataProperties.swift in Sources */,
				53CBD3DF242996DC003E876D /* UusiLiikeController.swift in Sources */,
				53BFFBE9241EF46000F169DD /* AppDelegate.swift in Sources */,
				53D2FCAD24588D6F0037C30C /* Liike+CoreDataClass.swift in Sources */,
				534384E52448E6F800350EA4 /* TreeninTarkasteluController.swift in Sources */,
				53507241245A0C890071EC36 /* Sarja+CoreDataClass.swift in Sources */,
				532BAA202451E1420028A918 /* Treeniohjelma+CoreDataProperties.swift in Sources */,
				53CBD3E5242A4114003E876D /* gymnotes.xcdatamodeld in Sources */,
				53BFFBEB241EF46000F169DD /* SceneDelegate.swift in Sources */,
				53CBD3DD242913B6003E876D /* InfoController.swift in Sources */,
				532BAA242451E1420028A918 /* Treeni+CoreDataProperties.swift in Sources */,
				53DE8B612444ED54000BB49F /* TreeniohjelmanTreenitController.swift in Sources */,
			);
			runOnlyForDeploymentPostprocessing = 0;
		};
/* End PBXSourcesBuildPhase section */

/* Begin PBXVariantGroup section */
		53BFFBF3241EF46200F169DD /* LaunchScreen.storyboard */ = {
			isa = PBXVariantGroup;
			children = (
				53BFFBF4241EF46200F169DD /* Base */,
			);
			name = LaunchScreen.storyboard;
			sourceTree = "<group>";
		};
/* End PBXVariantGroup section */

/* Begin XCBuildConfiguration section */
		53BFFBF7241EF46200F169DD /* Debug */ = {
			isa = XCBuildConfiguration;
			buildSettings = {
				ALWAYS_SEARCH_USER_PATHS = NO;
				CLANG_ANALYZER_NONNULL = YES;
				CLANG_ANALYZER_NUMBER_OBJECT_CONVERSION = YES_AGGRESSIVE;
				CLANG_CXX_LANGUAGE_STANDARD = "gnu++14";
				CLANG_CXX_LIBRARY = "libc++";
				CLANG_ENABLE_MODULES = YES;
				CLANG_ENABLE_OBJC_ARC = YES;
				CLANG_ENABLE_OBJC_WEAK = YES;
				CLANG_WARN_BLOCK_CAPTURE_AUTORELEASING = YES;
				CLANG_WARN_BOOL_CONVERSION = YES;
				CLANG_WARN_COMMA = YES;
				CLANG_WARN_CONSTANT_CONVERSION = YES;
				CLANG_WARN_DEPRECATED_OBJC_IMPLEMENTATIONS = YES;
				CLANG_WARN_DIRECT_OBJC_ISA_USAGE = YES_ERROR;
				CLANG_WARN_DOCUMENTATION_COMMENTS = YES;
				CLANG_WARN_EMPTY_BODY = YES;
				CLANG_WARN_ENUM_CONVERSION = YES;
				CLANG_WARN_INFINITE_RECURSION = YES;
				CLANG_WARN_INT_CONVERSION = YES;
				CLANG_WARN_NON_LITERAL_NULL_CONVERSION = YES;
				CLANG_WARN_OBJC_IMPLICIT_RETAIN_SELF = YES;
				CLANG_WARN_OBJC_LITERAL_CONVERSION = YES;
				CLANG_WARN_OBJC_ROOT_CLASS = YES_ERROR;
				CLANG_WARN_RANGE_LOOP_ANALYSIS = YES;
				CLANG_WARN_STRICT_PROTOTYPES = YES;
				CLANG_WARN_SUSPICIOUS_MOVE = YES;
				CLANG_WARN_UNGUARDED_AVAILABILITY = YES_AGGRESSIVE;
				CLANG_WARN_UNREACHABLE_CODE = YES;
				CLANG_WARN__DUPLICATE_METHOD_MATCH = YES;
				COPY_PHASE_STRIP = NO;
				DEBUG_INFORMATION_FORMAT = dwarf;
				ENABLE_STRICT_OBJC_MSGSEND = YES;
				ENABLE_TESTABILITY = YES;
				GCC_C_LANGUAGE_STANDARD = gnu11;
				GCC_DYNAMIC_NO_PIC = NO;
				GCC_NO_COMMON_BLOCKS = YES;
				GCC_OPTIMIZATION_LEVEL = 0;
				GCC_PREPROCESSOR_DEFINITIONS = (
					"DEBUG=1",
					"$(inherited)",
				);
				GCC_WARN_64_TO_32_BIT_CONVERSION = YES;
				GCC_WARN_ABOUT_RETURN_TYPE = YES_ERROR;
				GCC_WARN_UNDECLARED_SELECTOR = YES;
				GCC_WARN_UNINITIALIZED_AUTOS = YES_AGGRESSIVE;
				GCC_WARN_UNUSED_FUNCTION = YES;
				GCC_WARN_UNUSED_VARIABLE = YES;
				IPHONEOS_DEPLOYMENT_TARGET = 13.2;
				MTL_ENABLE_DEBUG_INFO = INCLUDE_SOURCE;
				MTL_FAST_MATH = YES;
				ONLY_ACTIVE_ARCH = YES;
				SDKROOT = iphoneos;
				SWIFT_ACTIVE_COMPILATION_CONDITIONS = DEBUG;
				SWIFT_OPTIMIZATION_LEVEL = "-Onone";
			};
			name = Debug;
		};
		53BFFBF8241EF46200F169DD /* Release */ = {
			isa = XCBuildConfiguration;
			buildSettings = {
				ALWAYS_SEARCH_USER_PATHS = NO;
				CLANG_ANALYZER_NONNULL = YES;
				CLANG_ANALYZER_NUMBER_OBJECT_CONVERSION = YES_AGGRESSIVE;
				CLANG_CXX_LANGUAGE_STANDARD = "gnu++14";
				CLANG_CXX_LIBRARY = "libc++";
				CLANG_ENABLE_MODULES = YES;
				CLANG_ENABLE_OBJC_ARC = YES;
				CLANG_ENABLE_OBJC_WEAK = YES;
				CLANG_WARN_BLOCK_CAPTURE_AUTORELEASING = YES;
				CLANG_WARN_BOOL_CONVERSION = YES;
				CLANG_WARN_COMMA = YES;
				CLANG_WARN_CONSTANT_CONVERSION = YES;
				CLANG_WARN_DEPRECATED_OBJC_IMPLEMENTATIONS = YES;
				CLANG_WARN_DIRECT_OBJC_ISA_USAGE = YES_ERROR;
				CLANG_WARN_DOCUMENTATION_COMMENTS = YES;
				CLANG_WARN_EMPTY_BODY = YES;
				CLANG_WARN_ENUM_CONVERSION = YES;
				CLANG_WARN_INFINITE_RECURSION = YES;
				CLANG_WARN_INT_CONVERSION = YES;
				CLANG_WARN_NON_LITERAL_NULL_CONVERSION = YES;
				CLANG_WARN_OBJC_IMPLICIT_RETAIN_SELF = YES;
				CLANG_WARN_OBJC_LITERAL_CONVERSION = YES;
				CLANG_WARN_OBJC_ROOT_CLASS = YES_ERROR;
				CLANG_WARN_RANGE_LOOP_ANALYSIS = YES;
				CLANG_WARN_STRICT_PROTOTYPES = YES;
				CLANG_WARN_SUSPICIOUS_MOVE = YES;
				CLANG_WARN_UNGUARDED_AVAILABILITY = YES_AGGRESSIVE;
				CLANG_WARN_UNREACHABLE_CODE = YES;
				CLANG_WARN__DUPLICATE_METHOD_MATCH = YES;
				COPY_PHASE_STRIP = NO;
				DEBUG_INFORMATION_FORMAT = "dwarf-with-dsym";
				ENABLE_NS_ASSERTIONS = NO;
				ENABLE_STRICT_OBJC_MSGSEND = YES;
				GCC_C_LANGUAGE_STANDARD = gnu11;
				GCC_NO_COMMON_BLOCKS = YES;
				GCC_WARN_64_TO_32_BIT_CONVERSION = YES;
				GCC_WARN_ABOUT_RETURN_TYPE = YES_ERROR;
				GCC_WARN_UNDECLARED_SELECTOR = YES;
				GCC_WARN_UNINITIALIZED_AUTOS = YES_AGGRESSIVE;
				GCC_WARN_UNUSED_FUNCTION = YES;
				GCC_WARN_UNUSED_VARIABLE = YES;
				IPHONEOS_DEPLOYMENT_TARGET = 13.2;
				MTL_ENABLE_DEBUG_INFO = NO;
				MTL_FAST_MATH = YES;
				SDKROOT = iphoneos;
				SWIFT_COMPILATION_MODE = wholemodule;
				SWIFT_OPTIMIZATION_LEVEL = "-O";
				VALIDATE_PRODUCT = YES;
			};
			name = Release;
		};
		53BFFBFA241EF46200F169DD /* Debug */ = {
			isa = XCBuildConfiguration;
			buildSettings = {
				ASSETCATALOG_COMPILER_APPICON_NAME = AppIcon;
				CODE_SIGN_IDENTITY = "Apple Development";
				CODE_SIGN_STYLE = Automatic;
				DEVELOPMENT_TEAM = U5GLB97A8X;
				INFOPLIST_FILE = gymnotes/Info.plist;
				LD_RUNPATH_SEARCH_PATHS = (
					"$(inherited)",
					"@executable_path/Frameworks",
				);
				PRODUCT_BUNDLE_IDENTIFIER = teemu.gymnotes;
				PRODUCT_NAME = "$(TARGET_NAME)";
				PROVISIONING_PROFILE_SPECIFIER = "";
				SWIFT_VERSION = 5.0;
				TARGETED_DEVICE_FAMILY = "1,2";
			};
			name = Debug;
		};
		53BFFBFB241EF46200F169DD /* Release */ = {
			isa = XCBuildConfiguration;
			buildSettings = {
				ASSETCATALOG_COMPILER_APPICON_NAME = AppIcon;
				CODE_SIGN_IDENTITY = "Apple Development";
				CODE_SIGN_STYLE = Automatic;
				DEVELOPMENT_TEAM = U5GLB97A8X;
				INFOPLIST_FILE = gymnotes/Info.plist;
				LD_RUNPATH_SEARCH_PATHS = (
					"$(inherited)",
					"@executable_path/Frameworks",
				);
				PRODUCT_BUNDLE_IDENTIFIER = teemu.gymnotes;
				PRODUCT_NAME = "$(TARGET_NAME)";
				PROVISIONING_PROFILE_SPECIFIER = "";
				SWIFT_VERSION = 5.0;
				TARGETED_DEVICE_FAMILY = "1,2";
			};
			name = Release;
		};
/* End XCBuildConfiguration section */

/* Begin XCConfigurationList section */
		53BFFBE0241EF46000F169DD /* Build configuration list for PBXProject "gymnotes" */ = {
			isa = XCConfigurationList;
			buildConfigurations = (
				53BFFBF7241EF46200F169DD /* Debug */,
				53BFFBF8241EF46200F169DD /* Release */,
			);
			defaultConfigurationIsVisible = 0;
			defaultConfigurationName = Release;
		};
		53BFFBF9241EF46200F169DD /* Build configuration list for PBXNativeTarget "gymnotes" */ = {
			isa = XCConfigurationList;
			buildConfigurations = (
				53BFFBFA241EF46200F169DD /* Debug */,
				53BFFBFB241EF46200F169DD /* Release */,
			);
			defaultConfigurationIsVisible = 0;
			defaultConfigurationName = Release;
		};
/* End XCConfigurationList section */

/* Begin XCVersionGroup section */
		53CBD3E3242A4114003E876D /* gymnotes.xcdatamodeld */ = {
			isa = XCVersionGroup;
			children = (
				53CBD3E4242A4114003E876D /* gymnotes.xcdatamodel */,
			);
			currentVersion = 53CBD3E4242A4114003E876D /* gymnotes.xcdatamodel */;
			path = gymnotes.xcdatamodeld;
			sourceTree = "<group>";
			versionGroupType = wrapper.xcdatamodel;
		};
/* End XCVersionGroup section */
	};
	rootObject = 53BFFBDD241EF46000F169DD /* Project object */;
}
